// !$*UTF8*$!
{
	archiveVersion = 1;
	classes = {
	};
	objectVersion = 51;
	objects = {

/* Begin PBXBuildFile section */
		674E1A5E2555AA2A00026A5D /* MainTabBarController.swift in Sources */ = {isa = PBXBuildFile; fileRef = 674E1A5D2555AA2A00026A5D /* MainTabBarController.swift */; };
		674E816125593DA0003BF63B /* ImageDetailViewController.swift in Sources */ = {isa = PBXBuildFile; fileRef = 674E816025593DA0003BF63B /* ImageDetailViewController.swift */; };
		675444122555166E00ADE75F /* ezuka_main.rcproject in Sources */ = {isa = PBXBuildFile; fileRef = 675444112555166E00ADE75F /* ezuka_main.rcproject */; };
		675A4810255461E700D8183A /* SettingViewController.swift in Sources */ = {isa = PBXBuildFile; fileRef = 675A480F255461E700D8183A /* SettingViewController.swift */; };
		675A48172554690800D8183A /* ARViewController.swift in Sources */ = {isa = PBXBuildFile; fileRef = 675A48162554690800D8183A /* ARViewController.swift */; };
		675A481C2554699600D8183A /* ezuka01.rcproject in Sources */ = {isa = PBXBuildFile; fileRef = 675A481B2554699600D8183A /* ezuka01.rcproject */; };
		67647D62254FD1E600222C4E /* AppDelegate.swift in Sources */ = {isa = PBXBuildFile; fileRef = 67647D61254FD1E600222C4E /* AppDelegate.swift */; };
		67647D69254FD1E600222C4E /* Main.storyboard in Resources */ = {isa = PBXBuildFile; fileRef = 67647D67254FD1E600222C4E /* Main.storyboard */; };
		67647D6B254FD1E800222C4E /* Assets.xcassets in Resources */ = {isa = PBXBuildFile; fileRef = 67647D6A254FD1E800222C4E /* Assets.xcassets */; };
		67647D6E254FD1E800222C4E /* LaunchScreen.storyboard in Resources */ = {isa = PBXBuildFile; fileRef = 67647D6C254FD1E800222C4E /* LaunchScreen.storyboard */; };
		6764800A254FEFC400222C4E /* HomeViewController.swift in Sources */ = {isa = PBXBuildFile; fileRef = 67648009254FEFC400222C4E /* HomeViewController.swift */; };
		6764802E25507C5D00222C4E /* ARImageSelectViewController.swift in Sources */ = {isa = PBXBuildFile; fileRef = 6764802D25507C5D00222C4E /* ARImageSelectViewController.swift */; };
		67CE0A98255917A5007D6457 /* EditViewController.swift in Sources */ = {isa = PBXBuildFile; fileRef = 67CE0A97255917A5007D6457 /* EditViewController.swift */; };
		E319754FC4309E7B170BF93B /* Pods_eZukaAR.framework in Frameworks */ = {isa = PBXBuildFile; fileRef = 94A870A838EF30374E97B45E /* Pods_eZukaAR.framework */; };
/* End PBXBuildFile section */

/* Begin PBXFileReference section */
		1ECBB1B21D3F0E914640F7F5 /* Pods-eZukaAR.debug.xcconfig */ = {isa = PBXFileReference; includeInIndex = 1; lastKnownFileType = text.xcconfig; name = "Pods-eZukaAR.debug.xcconfig"; path = "Target Support Files/Pods-eZukaAR/Pods-eZukaAR.debug.xcconfig"; sourceTree = "<group>"; };
		674E1A5D2555AA2A00026A5D /* MainTabBarController.swift */ = {isa = PBXFileReference; lastKnownFileType = sourcecode.swift; path = MainTabBarController.swift; sourceTree = "<group>"; };
		674E816025593DA0003BF63B /* ImageDetailViewController.swift */ = {isa = PBXFileReference; lastKnownFileType = sourcecode.swift; path = ImageDetailViewController.swift; sourceTree = "<group>"; };
		675444112555166E00ADE75F /* ezuka_main.rcproject */ = {isa = PBXFileReference; lastKnownFileType = file.rcproject; path = ezuka_main.rcproject; sourceTree = "<group>"; };
		675A480F255461E700D8183A /* SettingViewController.swift */ = {isa = PBXFileReference; lastKnownFileType = sourcecode.swift; path = SettingViewController.swift; sourceTree = "<group>"; };
		675A48162554690800D8183A /* ARViewController.swift */ = {isa = PBXFileReference; lastKnownFileType = sourcecode.swift; path = ARViewController.swift; sourceTree = "<group>"; };
		675A481B2554699600D8183A /* ezuka01.rcproject */ = {isa = PBXFileReference; lastKnownFileType = file.rcproject; path = ezuka01.rcproject; sourceTree = "<group>"; };
		67647D5E254FD1E600222C4E /* eZukaAR.app */ = {isa = PBXFileReference; explicitFileType = wrapper.application; includeInIndex = 0; path = eZukaAR.app; sourceTree = BUILT_PRODUCTS_DIR; };
		67647D61254FD1E600222C4E /* AppDelegate.swift */ = {isa = PBXFileReference; lastKnownFileType = sourcecode.swift; path = AppDelegate.swift; sourceTree = "<group>"; };
		67647D68254FD1E600222C4E /* Base */ = {isa = PBXFileReference; lastKnownFileType = file.storyboard; name = Base; path = Base.lproj/Main.storyboard; sourceTree = "<group>"; };
		67647D6A254FD1E800222C4E /* Assets.xcassets */ = {isa = PBXFileReference; lastKnownFileType = folder.assetcatalog; path = Assets.xcassets; sourceTree = "<group>"; };
		67647D6D254FD1E800222C4E /* Base */ = {isa = PBXFileReference; lastKnownFileType = file.storyboard; name = Base; path = Base.lproj/LaunchScreen.storyboard; sourceTree = "<group>"; };
		67647D6F254FD1E800222C4E /* Info.plist */ = {isa = PBXFileReference; lastKnownFileType = text.plist.xml; path = Info.plist; sourceTree = "<group>"; };
		67648009254FEFC400222C4E /* HomeViewController.swift */ = {isa = PBXFileReference; lastKnownFileType = sourcecode.swift; path = HomeViewController.swift; sourceTree = "<group>"; };
		6764802D25507C5D00222C4E /* ARImageSelectViewController.swift */ = {isa = PBXFileReference; lastKnownFileType = sourcecode.swift; path = ARImageSelectViewController.swift; sourceTree = "<group>"; };
		67CE0A97255917A5007D6457 /* EditViewController.swift */ = {isa = PBXFileReference; lastKnownFileType = sourcecode.swift; path = EditViewController.swift; sourceTree = "<group>"; };
		94A870A838EF30374E97B45E /* Pods_eZukaAR.framework */ = {isa = PBXFileReference; explicitFileType = wrapper.framework; includeInIndex = 0; path = Pods_eZukaAR.framework; sourceTree = BUILT_PRODUCTS_DIR; };
		AF5B782FDBAB92E6A36DB6F4 /* Pods-eZukaAR.release.xcconfig */ = {isa = PBXFileReference; includeInIndex = 1; lastKnownFileType = text.xcconfig; name = "Pods-eZukaAR.release.xcconfig"; path = "Target Support Files/Pods-eZukaAR/Pods-eZukaAR.release.xcconfig"; sourceTree = "<group>"; };
/* End PBXFileReference section */

/* Begin PBXFrameworksBuildPhase section */
		67647D5B254FD1E600222C4E /* Frameworks */ = {
			isa = PBXFrameworksBuildPhase;
			buildActionMask = 2147483647;
			files = (
				E319754FC4309E7B170BF93B /* Pods_eZukaAR.framework in Frameworks */,
			);
			runOnlyForDeploymentPostprocessing = 0;
		};
/* End PBXFrameworksBuildPhase section */

/* Begin PBXGroup section */
		675A4822255473BE00D8183A /* Model */ = {
			isa = PBXGroup;
			children = (
			);
			path = Model;
			sourceTree = "<group>";
		};
		675A4823255473C900D8183A /* View */ = {
			isa = PBXGroup;
			children = (
				67647D67254FD1E600222C4E /* Main.storyboard */,
				67647D6C254FD1E800222C4E /* LaunchScreen.storyboard */,
			);
			path = View;
			sourceTree = "<group>";
		};
		675A4824255473D500D8183A /* Controller */ = {
			isa = PBXGroup;
			children = (
				67647D61254FD1E600222C4E /* AppDelegate.swift */,
				675A48162554690800D8183A /* ARViewController.swift */,
				6764802D25507C5D00222C4E /* ARImageSelectViewController.swift */,
				675A480F255461E700D8183A /* SettingViewController.swift */,
				67648009254FEFC400222C4E /* HomeViewController.swift */,
				674E1A5D2555AA2A00026A5D /* MainTabBarController.swift */,
				67CE0A97255917A5007D6457 /* EditViewController.swift */,
				674E816025593DA0003BF63B /* ImageDetailViewController.swift */,
			);
			path = Controller;
			sourceTree = "<group>";
		};
		67647D55254FD1E600222C4E = {
			isa = PBXGroup;
			children = (
				67647D60254FD1E600222C4E /* eZukaAR */,
				67647D5F254FD1E600222C4E /* Products */,
				C87B90A6A31E4C84C5587188 /* Pods */,
				BF474395CF6D1C9F2374289B /* Frameworks */,
			);
			sourceTree = "<group>";
		};
		67647D5F254FD1E600222C4E /* Products */ = {
			isa = PBXGroup;
			children = (
				67647D5E254FD1E600222C4E /* eZukaAR.app */,
			);
			name = Products;
			sourceTree = "<group>";
		};
		67647D60254FD1E600222C4E /* eZukaAR */ = {
			isa = PBXGroup;
			children = (
				675A4824255473D500D8183A /* Controller */,
				675A4823255473C900D8183A /* View */,
				675A4822255473BE00D8183A /* Model */,
				675A481B2554699600D8183A /* ezuka01.rcproject */,
				675444112555166E00ADE75F /* ezuka_main.rcproject */,
				67647D6A254FD1E800222C4E /* Assets.xcassets */,
				67647D6F254FD1E800222C4E /* Info.plist */,
			);
			path = eZukaAR;
			sourceTree = "<group>";
		};
		BF474395CF6D1C9F2374289B /* Frameworks */ = {
			isa = PBXGroup;
			children = (
				94A870A838EF30374E97B45E /* Pods_eZukaAR.framework */,
			);
			name = Frameworks;
			sourceTree = "<group>";
		};
		C87B90A6A31E4C84C5587188 /* Pods */ = {
			isa = PBXGroup;
			children = (
				1ECBB1B21D3F0E914640F7F5 /* Pods-eZukaAR.debug.xcconfig */,
				AF5B782FDBAB92E6A36DB6F4 /* Pods-eZukaAR.release.xcconfig */,
			);
			path = Pods;
			sourceTree = "<group>";
		};
/* End PBXGroup section */

/* Begin PBXNativeTarget section */
		67647D5D254FD1E600222C4E /* eZukaAR */ = {
			isa = PBXNativeTarget;
			buildConfigurationList = 67647D72254FD1E800222C4E /* Build configuration list for PBXNativeTarget "eZukaAR" */;
			buildPhases = (
				C2815FB9605A0E2D32F50451 /* [CP] Check Pods Manifest.lock */,
				67647D5A254FD1E600222C4E /* Sources */,
				67647D5B254FD1E600222C4E /* Frameworks */,
				67647D5C254FD1E600222C4E /* Resources */,
				D4B6332C31BD8FD89A45739A /* [CP] Embed Pods Frameworks */,
			);
			buildRules = (
			);
			dependencies = (
			);
			name = eZukaAR;
			productName = eZukaAR;
			productReference = 67647D5E254FD1E600222C4E /* eZukaAR.app */;
			productType = "com.apple.product-type.application";
		};
/* End PBXNativeTarget section */

/* Begin PBXProject section */
		67647D56254FD1E600222C4E /* Project object */ = {
			isa = PBXProject;
			attributes = {
				LastSwiftUpdateCheck = 1210;
				LastUpgradeCheck = 1210;
				TargetAttributes = {
					67647D5D254FD1E600222C4E = {
						CreatedOnToolsVersion = 12.1;
					};
				};
			};
			buildConfigurationList = 67647D59254FD1E600222C4E /* Build configuration list for PBXProject "eZukaAR" */;
			compatibilityVersion = "Xcode 9.3";
			developmentRegion = en;
			hasScannedForEncodings = 0;
			knownRegions = (
				en,
				Base,
			);
			mainGroup = 67647D55254FD1E600222C4E;
			productRefGroup = 67647D5F254FD1E600222C4E /* Products */;
			projectDirPath = "";
			projectRoot = "";
			targets = (
				67647D5D254FD1E600222C4E /* eZukaAR */,
			);
		};
/* End PBXProject section */

/* Begin PBXResourcesBuildPhase section */
		67647D5C254FD1E600222C4E /* Resources */ = {
			isa = PBXResourcesBuildPhase;
			buildActionMask = 2147483647;
			files = (
				67647D6E254FD1E800222C4E /* LaunchScreen.storyboard in Resources */,
				67647D6B254FD1E800222C4E /* Assets.xcassets in Resources */,
				67647D69254FD1E600222C4E /* Main.storyboard in Resources */,
			);
			runOnlyForDeploymentPostprocessing = 0;
		};
/* End PBXResourcesBuildPhase section */

/* Begin PBXShellScriptBuildPhase section */
		C2815FB9605A0E2D32F50451 /* [CP] Check Pods Manifest.lock */ = {
			isa = PBXShellScriptBuildPhase;
			buildActionMask = 2147483647;
			files = (
			);
			inputFileListPaths = (
			);
			inputPaths = (
				"${PODS_PODFILE_DIR_PATH}/Podfile.lock",
				"${PODS_ROOT}/Manifest.lock",
			);
			name = "[CP] Check Pods Manifest.lock";
			outputFileListPaths = (
			);
			outputPaths = (
				"$(DERIVED_FILE_DIR)/Pods-eZukaAR-checkManifestLockResult.txt",
			);
			runOnlyForDeploymentPostprocessing = 0;
			shellPath = /bin/sh;
			shellScript = "diff \"${PODS_PODFILE_DIR_PATH}/Podfile.lock\" \"${PODS_ROOT}/Manifest.lock\" > /dev/null\nif [ $? != 0 ] ; then\n    # print error to STDERR\n    echo \"error: The sandbox is not in sync with the Podfile.lock. Run 'pod install' or update your CocoaPods installation.\" >&2\n    exit 1\nfi\n# This output is used by Xcode 'outputs' to avoid re-running this script phase.\necho \"SUCCESS\" > \"${SCRIPT_OUTPUT_FILE_0}\"\n";
			showEnvVarsInLog = 0;
		};
		D4B6332C31BD8FD89A45739A /* [CP] Embed Pods Frameworks */ = {
			isa = PBXShellScriptBuildPhase;
			buildActionMask = 2147483647;
			files = (
			);
			inputFileListPaths = (
				"${PODS_ROOT}/Target Support Files/Pods-eZukaAR/Pods-eZukaAR-frameworks-${CONFIGURATION}-input-files.xcfilelist",
			);
			name = "[CP] Embed Pods Frameworks";
			outputFileListPaths = (
				"${PODS_ROOT}/Target Support Files/Pods-eZukaAR/Pods-eZukaAR-frameworks-${CONFIGURATION}-output-files.xcfilelist",
			);
			runOnlyForDeploymentPostprocessing = 0;
			shellPath = /bin/sh;
			shellScript = "\"${PODS_ROOT}/Target Support Files/Pods-eZukaAR/Pods-eZukaAR-frameworks.sh\"\n";
			showEnvVarsInLog = 0;
		};
/* End PBXShellScriptBuildPhase section */

/* Begin PBXSourcesBuildPhase section */
		67647D5A254FD1E600222C4E /* Sources */ = {
			isa = PBXSourcesBuildPhase;
			buildActionMask = 2147483647;
			files = (
				67647D62254FD1E600222C4E /* AppDelegate.swift in Sources */,
				675A48172554690800D8183A /* ARViewController.swift in Sources */,
				674E1A5E2555AA2A00026A5D /* MainTabBarController.swift in Sources */,
				6764800A254FEFC400222C4E /* HomeViewController.swift in Sources */,
				675A481C2554699600D8183A /* ezuka01.rcproject in Sources */,
				675A4810255461E700D8183A /* SettingViewController.swift in Sources */,
				6764802E25507C5D00222C4E /* ARImageSelectViewController.swift in Sources */,
				675444122555166E00ADE75F /* ezuka_main.rcproject in Sources */,
				67CE0A98255917A5007D6457 /* EditViewController.swift in Sources */,
				674E816125593DA0003BF63B /* ImageDetailViewController.swift in Sources */,
			);
			runOnlyForDeploymentPostprocessing = 0;
		};
/* End PBXSourcesBuildPhase section */

/* Begin PBXVariantGroup section */
		67647D67254FD1E600222C4E /* Main.storyboard */ = {
			isa = PBXVariantGroup;
			children = (
				67647D68254FD1E600222C4E /* Base */,
			);
			name = Main.storyboard;
			sourceTree = "<group>";
		};
		67647D6C254FD1E800222C4E /* LaunchScreen.storyboard */ = {
			isa = PBXVariantGroup;
			children = (
				67647D6D254FD1E800222C4E /* Base */,
			);
			name = LaunchScreen.storyboard;
			sourceTree = "<group>";
		};
/* End PBXVariantGroup section */

/* Begin XCBuildConfiguration section */
		67647D70254FD1E800222C4E /* Debug */ = {
			isa = XCBuildConfiguration;
			buildSettings = {
				ALWAYS_SEARCH_USER_PATHS = NO;
				CLANG_ANALYZER_NONNULL = YES;
				CLANG_ANALYZER_NUMBER_OBJECT_CONVERSION = YES_AGGRESSIVE;
				CLANG_CXX_LANGUAGE_STANDARD = "gnu++14";
				CLANG_CXX_LIBRARY = "libc++";
				CLANG_ENABLE_MODULES = YES;
				CLANG_ENABLE_OBJC_ARC = YES;
				CLANG_ENABLE_OBJC_WEAK = YES;
				CLANG_WARN_BLOCK_CAPTURE_AUTORELEASING = YES;
				CLANG_WARN_BOOL_CONVERSION = YES;
				CLANG_WARN_COMMA = YES;
				CLANG_WARN_CONSTANT_CONVERSION = YES;
				CLANG_WARN_DEPRECATED_OBJC_IMPLEMENTATIONS = YES;
				CLANG_WARN_DIRECT_OBJC_ISA_USAGE = YES_ERROR;
				CLANG_WARN_DOCUMENTATION_COMMENTS = YES;
				CLANG_WARN_EMPTY_BODY = YES;
				CLANG_WARN_ENUM_CONVERSION = YES;
				CLANG_WARN_INFINITE_RECURSION = YES;
				CLANG_WARN_INT_CONVERSION = YES;
				CLANG_WARN_NON_LITERAL_NULL_CONVERSION = YES;
				CLANG_WARN_OBJC_IMPLICIT_RETAIN_SELF = YES;
				CLANG_WARN_OBJC_LITERAL_CONVERSION = YES;
				CLANG_WARN_OBJC_ROOT_CLASS = YES_ERROR;
				CLANG_WARN_QUOTED_INCLUDE_IN_FRAMEWORK_HEADER = YES;
				CLANG_WARN_RANGE_LOOP_ANALYSIS = YES;
				CLANG_WARN_STRICT_PROTOTYPES = YES;
				CLANG_WARN_SUSPICIOUS_MOVE = YES;
				CLANG_WARN_UNGUARDED_AVAILABILITY = YES_AGGRESSIVE;
				CLANG_WARN_UNREACHABLE_CODE = YES;
				CLANG_WARN__DUPLICATE_METHOD_MATCH = YES;
				COPY_PHASE_STRIP = NO;
				DEBUG_INFORMATION_FORMAT = dwarf;
				ENABLE_STRICT_OBJC_MSGSEND = YES;
				ENABLE_TESTABILITY = YES;
				GCC_C_LANGUAGE_STANDARD = gnu11;
				GCC_DYNAMIC_NO_PIC = NO;
				GCC_NO_COMMON_BLOCKS = YES;
				GCC_OPTIMIZATION_LEVEL = 0;
				GCC_PREPROCESSOR_DEFINITIONS = (
					"DEBUG=1",
					"$(inherited)",
				);
				GCC_WARN_64_TO_32_BIT_CONVERSION = YES;
				GCC_WARN_ABOUT_RETURN_TYPE = YES_ERROR;
				GCC_WARN_UNDECLARED_SELECTOR = YES;
				GCC_WARN_UNINITIALIZED_AUTOS = YES_AGGRESSIVE;
				GCC_WARN_UNUSED_FUNCTION = YES;
				GCC_WARN_UNUSED_VARIABLE = YES;
				IPHONEOS_DEPLOYMENT_TARGET = 14.1;
				MTL_ENABLE_DEBUG_INFO = INCLUDE_SOURCE;
				MTL_FAST_MATH = YES;
				ONLY_ACTIVE_ARCH = YES;
				SDKROOT = iphoneos;
				SWIFT_ACTIVE_COMPILATION_CONDITIONS = DEBUG;
				SWIFT_OPTIMIZATION_LEVEL = "-Onone";
			};
			name = Debug;
		};
		67647D71254FD1E800222C4E /* Release */ = {
			isa = XCBuildConfiguration;
			buildSettings = {
				ALWAYS_SEARCH_USER_PATHS = NO;
				CLANG_ANALYZER_NONNULL = YES;
				CLANG_ANALYZER_NUMBER_OBJECT_CONVERSION = YES_AGGRESSIVE;
				CLANG_CXX_LANGUAGE_STANDARD = "gnu++14";
				CLANG_CXX_LIBRARY = "libc++";
				CLANG_ENABLE_MODULES = YES;
				CLANG_ENABLE_OBJC_ARC = YES;
				CLANG_ENABLE_OBJC_WEAK = YES;
				CLANG_WARN_BLOCK_CAPTURE_AUTORELEASING = YES;
				CLANG_WARN_BOOL_CONVERSION = YES;
				CLANG_WARN_COMMA = YES;
				CLANG_WARN_CONSTANT_CONVERSION = YES;
				CLANG_WARN_DEPRECATED_OBJC_IMPLEMENTATIONS = YES;
				CLANG_WARN_DIRECT_OBJC_ISA_USAGE = YES_ERROR;
				CLANG_WARN_DOCUMENTATION_COMMENTS = YES;
				CLANG_WARN_EMPTY_BODY = YES;
				CLANG_WARN_ENUM_CONVERSION = YES;
				CLANG_WARN_INFINITE_RECURSION = YES;
				CLANG_WARN_INT_CONVERSION = YES;
				CLANG_WARN_NON_LITERAL_NULL_CONVERSION = YES;
				CLANG_WARN_OBJC_IMPLICIT_RETAIN_SELF = YES;
				CLANG_WARN_OBJC_LITERAL_CONVERSION = YES;
				CLANG_WARN_OBJC_ROOT_CLASS = YES_ERROR;
				CLANG_WARN_QUOTED_INCLUDE_IN_FRAMEWORK_HEADER = YES;
				CLANG_WARN_RANGE_LOOP_ANALYSIS = YES;
				CLANG_WARN_STRICT_PROTOTYPES = YES;
				CLANG_WARN_SUSPICIOUS_MOVE = YES;
				CLANG_WARN_UNGUARDED_AVAILABILITY = YES_AGGRESSIVE;
				CLANG_WARN_UNREACHABLE_CODE = YES;
				CLANG_WARN__DUPLICATE_METHOD_MATCH = YES;
				COPY_PHASE_STRIP = NO;
				DEBUG_INFORMATION_FORMAT = "dwarf-with-dsym";
				ENABLE_NS_ASSERTIONS = NO;
				ENABLE_STRICT_OBJC_MSGSEND = YES;
				GCC_C_LANGUAGE_STANDARD = gnu11;
				GCC_NO_COMMON_BLOCKS = YES;
				GCC_WARN_64_TO_32_BIT_CONVERSION = YES;
				GCC_WARN_ABOUT_RETURN_TYPE = YES_ERROR;
				GCC_WARN_UNDECLARED_SELECTOR = YES;
				GCC_WARN_UNINITIALIZED_AUTOS = YES_AGGRESSIVE;
				GCC_WARN_UNUSED_FUNCTION = YES;
				GCC_WARN_UNUSED_VARIABLE = YES;
				IPHONEOS_DEPLOYMENT_TARGET = 14.1;
				MTL_ENABLE_DEBUG_INFO = NO;
				MTL_FAST_MATH = YES;
				SDKROOT = iphoneos;
				SWIFT_COMPILATION_MODE = wholemodule;
				SWIFT_OPTIMIZATION_LEVEL = "-O";
				VALIDATE_PRODUCT = YES;
			};
			name = Release;
		};
		67647D73254FD1E800222C4E /* Debug */ = {
			isa = XCBuildConfiguration;
			baseConfigurationReference = 1ECBB1B21D3F0E914640F7F5 /* Pods-eZukaAR.debug.xcconfig */;
			buildSettings = {
				ASSETCATALOG_COMPILER_APPICON_NAME = AppIcon;
				ASSETCATALOG_COMPILER_GLOBAL_ACCENT_COLOR_NAME = AccentColor;
				CODE_SIGN_STYLE = Automatic;
				DEVELOPMENT_TEAM = S45HM3ZPWW;
				INFOPLIST_FILE = eZukaAR/Info.plist;
				LD_RUNPATH_SEARCH_PATHS = (
					"$(inherited)",
					"@executable_path/Frameworks",
				);
				PRODUCT_BUNDLE_IDENTIFIER = univ.wakayama.eZukaAR;
				PRODUCT_NAME = "$(TARGET_NAME)";
				SWIFT_VERSION = 5.0;
				TARGETED_DEVICE_FAMILY = "1,2";
			};
			name = Debug;
		};
		67647D74254FD1E800222C4E /* Release */ = {
			isa = XCBuildConfiguration;
			baseConfigurationReference = AF5B782FDBAB92E6A36DB6F4 /* Pods-eZukaAR.release.xcconfig */;
			buildSettings = {
				ASSETCATALOG_COMPILER_APPICON_NAME = AppIcon;
				ASSETCATALOG_COMPILER_GLOBAL_ACCENT_COLOR_NAME = AccentColor;
				CODE_SIGN_STYLE = Automatic;
				DEVELOPMENT_TEAM = S45HM3ZPWW;
				INFOPLIST_FILE = eZukaAR/Info.plist;
				LD_RUNPATH_SEARCH_PATHS = (
					"$(inherited)",
					"@executable_path/Frameworks",
				);
				PRODUCT_BUNDLE_IDENTIFIER = univ.wakayama.eZukaAR;
				PRODUCT_NAME = "$(TARGET_NAME)";
				SWIFT_VERSION = 5.0;
				TARGETED_DEVICE_FAMILY = "1,2";
			};
			name = Release;
		};
/* End XCBuildConfiguration section */

/* Begin XCConfigurationList section */
		67647D59254FD1E600222C4E /* Build configuration list for PBXProject "eZukaAR" */ = {
			isa = XCConfigurationList;
			buildConfigurations = (
				67647D70254FD1E800222C4E /* Debug */,
				67647D71254FD1E800222C4E /* Release */,
			);
			defaultConfigurationIsVisible = 0;
			defaultConfigurationName = Release;
		};
		67647D72254FD1E800222C4E /* Build configuration list for PBXNativeTarget "eZukaAR" */ = {
			isa = XCConfigurationList;
			buildConfigurations = (
				67647D73254FD1E800222C4E /* Debug */,
				67647D74254FD1E800222C4E /* Release */,
			);
			defaultConfigurationIsVisible = 0;
			defaultConfigurationName = Release;
		};
/* End XCConfigurationList section */
	};
	rootObject = 67647D56254FD1E600222C4E /* Project object */;
}
